# This file is automatically @generated by Cargo.
# It is not intended for manual editing.
version = 3

[[package]]
name = "tpt-lexicon-core"
version = "0.1.0"

[[package]]
name = "tpt-lexicon-gpu"
version = "0.1.0"
dependencies = [
 "tpt-lexicon-core",
]

[[package]]
name = "tpt-lexicon-ingest"
version = "0.1.0"
dependencies = [
 "tpt-lexicon-core",
]

[[package]]
name = "tpt-lexicon-ir"
version = "0.1.0"
dependencies = [
 "tpt-lexicon-core",
]

[[package]]
name = "tpt-lexicon-translate"
version = "0.1.0"
dependencies = [
 "tpt-lexicon-core",
]

[[package]]
name = "tpt-lexicon-verify"
version = "0.1.0"
dependencies = [
 "tpt-lexicon-core",
]
